
Microsoft Visual Studio Solution File, Format Version 12.00
Project("{FAE04EC0-301F-11D3-BF4B-00C04F79EFBC}") = "HotelMan_HotelAdmin", "HotelMan_HotelAdmin\HotelMan_HotelAdmin.csproj", "{993EDD8E-ED27-4EA5-AD72-49BFF841646E}"
EndProject
Global
	GlobalSection(SolutionConfigurationPlatforms) = preSolution
		Debug|Any CPU = Debug|Any CPU
		Release|Any CPU = Release|Any CPU
	EndGlobalSection
	GlobalSection(ProjectConfigurationPlatforms) = postSolution
		{993EDD8E-ED27-4EA5-AD72-49BFF841646E}.Debug|Any CPU.ActiveCfg = Debug|Any CPU
		{993EDD8E-ED27-4EA5-AD72-49BFF841646E}.Debug|Any CPU.Build.0 = Debug|Any CPU
		{993EDD8E-ED27-4EA5-AD72-49BFF841646E}.Release|Any CPU.ActiveCfg = Release|Any CPU
		{993EDD8E-ED27-4EA5-AD72-49BFF841646E}.Release|Any CPU.Build.0 = Release|Any CPU
	EndGlobalSection
EndGlobal
